
Microsoft Visual Studio Solution File, Format Version 11.00
# Visual Studio 2010
Project("{FAE04EC0-301F-11D3-BF4B-00C04F79EFBC}") = "CmbtLib", "CmbtLib\CmbtLib.csproj", "{29CA7118-BD5C-4D27-A41E-79F3766A32CE}"
EndProject
Project("{FAE04EC0-301F-11D3-BF4B-00C04F79EFBC}") = "CmbtTest", "CmbtTest\CmbtTest.csproj", "{A34E14C7-BBD8-4D74-81FA-EECB68615930}"
EndProject
Project("{2150E333-8FDC-42A3-9474-1A3956D46DE8}") = "Solution Items", "Solution Items", "{FEA6FC14-BE41-4D89-93ED-D3FE09C780C3}"
	ProjectSection(SolutionItems) = preProject
		CombatApp.vsmdi = CombatApp.vsmdi
		Local.testsettings = Local.testsettings
		TraceAndTestImpact.testsettings = TraceAndTestImpact.testsettings
	EndProjectSection
EndProject
Project("{FAE04EC0-301F-11D3-BF4B-00C04F79EFBC}") = "CombatConsoleApp", "CombatConsoleApp\CombatConsoleApp.csproj", "{9CB56739-B801-401D-8ED0-68BA2C243E4D}"
EndProject
Global
	GlobalSection(TestCaseManagementSettings) = postSolution
		CategoryFile = CombatApp.vsmdi
	EndGlobalSection
	GlobalSection(SolutionConfigurationPlatforms) = preSolution
		Debug|Any CPU = Debug|Any CPU
		Debug|Mixed Platforms = Debug|Mixed Platforms
		Debug|x86 = Debug|x86
		Release|Any CPU = Release|Any CPU
		Release|Mixed Platforms = Release|Mixed Platforms
		Release|x86 = Release|x86
	EndGlobalSection
	GlobalSection(ProjectConfigurationPlatforms) = postSolution
		{29CA7118-BD5C-4D27-A41E-79F3766A32CE}.Debug|Any CPU.ActiveCfg = Debug|Any CPU
		{29CA7118-BD5C-4D27-A41E-79F3766A32CE}.Debug|Any CPU.Build.0 = Debug|Any CPU
		{29CA7118-BD5C-4D27-A41E-79F3766A32CE}.Debug|Mixed Platforms.ActiveCfg = Debug|Any CPU
		{29CA7118-BD5C-4D27-A41E-79F3766A32CE}.Debug|Mixed Platforms.Build.0 = Debug|Any CPU
		{29CA7118-BD5C-4D27-A41E-79F3766A32CE}.Debug|x86.ActiveCfg = Debug|Any CPU
		{29CA7118-BD5C-4D27-A41E-79F3766A32CE}.Release|Any CPU.ActiveCfg = Release|Any CPU
		{29CA7118-BD5C-4D27-A41E-79F3766A32CE}.Release|Any CPU.Build.0 = Release|Any CPU
		{29CA7118-BD5C-4D27-A41E-79F3766A32CE}.Release|Mixed Platforms.ActiveCfg = Release|Any CPU
		{29CA7118-BD5C-4D27-A41E-79F3766A32CE}.Release|Mixed Platforms.Build.0 = Release|Any CPU
		{29CA7118-BD5C-4D27-A41E-79F3766A32CE}.Release|x86.ActiveCfg = Release|Any CPU
		{A34E14C7-BBD8-4D74-81FA-EECB68615930}.Debug|Any CPU.ActiveCfg = Debug|Any CPU
		{A34E14C7-BBD8-4D74-81FA-EECB68615930}.Debug|Any CPU.Build.0 = Debug|Any CPU
		{A34E14C7-BBD8-4D74-81FA-EECB68615930}.Debug|Mixed Platforms.ActiveCfg = Debug|Any CPU
		{A34E14C7-BBD8-4D74-81FA-EECB68615930}.Debug|Mixed Platforms.Build.0 = Debug|Any CPU
		{A34E14C7-BBD8-4D74-81FA-EECB68615930}.Debug|x86.ActiveCfg = Debug|Any CPU
		{A34E14C7-BBD8-4D74-81FA-EECB68615930}.Release|Any CPU.ActiveCfg = Release|Any CPU
		{A34E14C7-BBD8-4D74-81FA-EECB68615930}.Release|Any CPU.Build.0 = Release|Any CPU
		{A34E14C7-BBD8-4D74-81FA-EECB68615930}.Release|Mixed Platforms.ActiveCfg = Release|Any CPU
		{A34E14C7-BBD8-4D74-81FA-EECB68615930}.Release|Mixed Platforms.Build.0 = Release|Any CPU
		{A34E14C7-BBD8-4D74-81FA-EECB68615930}.Release|x86.ActiveCfg = Release|Any CPU
		{9CB56739-B801-401D-8ED0-68BA2C243E4D}.Debug|Any CPU.ActiveCfg = Debug|x86
		{9CB56739-B801-401D-8ED0-68BA2C243E4D}.Debug|Any CPU.Build.0 = Debug|x86
		{9CB56739-B801-401D-8ED0-68BA2C243E4D}.Debug|Mixed Platforms.ActiveCfg = Debug|x86
		{9CB56739-B801-401D-8ED0-68BA2C243E4D}.Debug|Mixed Platforms.Build.0 = Debug|x86
		{9CB56739-B801-401D-8ED0-68BA2C243E4D}.Debug|x86.ActiveCfg = Debug|x86
		{9CB56739-B801-401D-8ED0-68BA2C243E4D}.Debug|x86.Build.0 = Debug|x86
		{9CB56739-B801-401D-8ED0-68BA2C243E4D}.Release|Any CPU.ActiveCfg = Release|x86
		{9CB56739-B801-401D-8ED0-68BA2C243E4D}.Release|Mixed Platforms.ActiveCfg = Release|x86
		{9CB56739-B801-401D-8ED0-68BA2C243E4D}.Release|Mixed Platforms.Build.0 = Release|x86
		{9CB56739-B801-401D-8ED0-68BA2C243E4D}.Release|x86.ActiveCfg = Release|x86
		{9CB56739-B801-401D-8ED0-68BA2C243E4D}.Release|x86.Build.0 = Release|x86
	EndGlobalSection
	GlobalSection(SolutionProperties) = preSolution
		HideSolutionNode = FALSE
	EndGlobalSection
EndGlobal
